{
  "name": "titleize-cli",
  "version": "1.0.0",
  "lockfileVersion": 1,
  "requires": true,
  "dependencies": {
    "titleize": {
      "version": "2.1.0",
      "resolved": "https://registry.npmjs.org/titleize/-/titleize-2.1.0.tgz",
      "integrity": "sha512-m+apkYlfiQTKLW+sI4vqUkwMEzfgEUEYSqljx1voUE3Wz/z1ZsxyzSxvH2X8uKVrOp7QkByWt0rA6+gvhCKy6g=="
    }
  }
}
